
Microsoft Visual Studio Solution File, Format Version 12.00
# Visual Studio Version 17
VisualStudioVersion = 17.7.34031.279
MinimumVisualStudioVersion = 10.0.40219.1
Project("{FAE04EC0-301F-11D3-BF4B-00C04F79EFBC}") = "copy-image", "copy-image\copy-image.csproj", "{A8BD3FA5-208C-480F-AD8D-AAE07F9CD361}"
EndProject
Global
	GlobalSection(SolutionConfigurationPlatforms) = preSolution
		Debug|Any CPU = Debug|Any CPU
		Release|Any CPU = Release|Any CPU
	EndGlobalSection
	GlobalSection(ProjectConfigurationPlatforms) = postSolution
		{A8BD3FA5-208C-480F-AD8D-AAE07F9CD361}.Debug|Any CPU.ActiveCfg = Debug|Any CPU
		{A8BD3FA5-208C-480F-AD8D-AAE07F9CD361}.Debug|Any CPU.Build.0 = Debug|Any CPU
		{A8BD3FA5-208C-480F-AD8D-AAE07F9CD361}.Release|Any CPU.ActiveCfg = Release|Any CPU
		{A8BD3FA5-208C-480F-AD8D-AAE07F9CD361}.Release|Any CPU.Build.0 = Release|Any CPU
	EndGlobalSection
	GlobalSection(SolutionProperties) = preSolution
		HideSolutionNode = FALSE
	EndGlobalSection
	GlobalSection(ExtensibilityGlobals) = postSolution
		SolutionGuid = {BFDEE7F2-73FA-4D0B-A0C4-51F232755A76}
	EndGlobalSection
EndGlobal
