
Microsoft Visual Studio Solution File, Format Version 12.00
# Visual Studio Version 17
VisualStudioVersion = 17.7.34031.279
MinimumVisualStudioVersion = 10.0.40219.1
Project("{9A19103F-16F7-4668-BE54-9A1E7A4F7556}") = "copy-image", "copy-image\copy-image.csproj", "{73E38D59-9A1A-4C44-AF85-F9A8F525B05B}"
EndProject
Global
	GlobalSection(SolutionConfigurationPlatforms) = preSolution
		Debug|Any CPU = Debug|Any CPU
		Release|Any CPU = Release|Any CPU
	EndGlobalSection
	GlobalSection(ProjectConfigurationPlatforms) = postSolution
		{73E38D59-9A1A-4C44-AF85-F9A8F525B05B}.Debug|Any CPU.ActiveCfg = Debug|Any CPU
		{73E38D59-9A1A-4C44-AF85-F9A8F525B05B}.Debug|Any CPU.Build.0 = Debug|Any CPU
		{73E38D59-9A1A-4C44-AF85-F9A8F525B05B}.Release|Any CPU.ActiveCfg = Release|Any CPU
		{73E38D59-9A1A-4C44-AF85-F9A8F525B05B}.Release|Any CPU.Build.0 = Release|Any CPU
	EndGlobalSection
	GlobalSection(SolutionProperties) = preSolution
		HideSolutionNode = FALSE
	EndGlobalSection
	GlobalSection(ExtensibilityGlobals) = postSolution
		SolutionGuid = {BFDEE7F2-73FA-4D0B-A0C4-51F232755A76}
	EndGlobalSection
EndGlobal
